
Microsoft Visual Studio Solution File, Format Version 12.00
# Visual Studio Version 17
VisualStudioVersion = 17.2.32602.215
MinimumVisualStudioVersion = 10.0.40219.1
Project("{2150E333-8FDC-42A3-9474-1A3956D46DE8}") = "Domain", "Domain", "{86EC5C49-5278-4BE6-91A9-CAFA22CE8556}"
EndProject
Project("{2150E333-8FDC-42A3-9474-1A3956D46DE8}") = "Infra.Bus", "Infra.Bus", "{89929916-F869-4DA0-9507-1B7373CB151E}"
EndProject
Project("{2150E333-8FDC-42A3-9474-1A3956D46DE8}") = "Infra.IoC", "Infra.IoC", "{562C7FE5-23D6-4576-B68E-126BCA9B7702}"
EndProject
Project("{2150E333-8FDC-42A3-9474-1A3956D46DE8}") = "Microservices", "Microservices", "{B7A7F895-B75D-4248-A7DF-786D9198B73E}"
EndProject
Project("{2150E333-8FDC-42A3-9474-1A3956D46DE8}") = "Presentation", "Presentation", "{B2D75470-C486-4117-8C6B-627ABA453FFB}"
EndProject
Project("{9A19103F-16F7-4668-BE54-9A1E7A4F7556}") = "MicroRabbit.Domain.Core", "MicroRabbit.Domain.Core\MicroRabbit.Domain.Core.csproj", "{334ECDAA-B556-4EEA-A26F-599C975BCBE2}"
EndProject
Project("{9A19103F-16F7-4668-BE54-9A1E7A4F7556}") = "MicroRabbit.Infra.Bus", "MicroRabbit.Infra.Bus\MicroRabbit.Infra.Bus.csproj", "{5A02BC0C-BDB7-4D15-A962-A8D90F978DDB}"
EndProject
Project("{9A19103F-16F7-4668-BE54-9A1E7A4F7556}") = "MicroRabbit.Infra.IoC", "MicroRabbit.Infra.IoC\MicroRabbit.Infra.IoC.csproj", "{3C24D84A-F117-49D7-B8C6-3A89D2D65121}"
EndProject
Project("{2150E333-8FDC-42A3-9474-1A3956D46DE8}") = "Banking", "Banking", "{1C6794C8-CC1C-4D08-A779-24FC81215E2C}"
EndProject
Project("{2150E333-8FDC-42A3-9474-1A3956D46DE8}") = "Api", "Api", "{E2616404-D7CE-4C00-A8C8-7B11646FFEF8}"
EndProject
Project("{2150E333-8FDC-42A3-9474-1A3956D46DE8}") = "Domain", "Domain", "{6A41CCCD-AA44-4562-B944-76CA98D0F6D6}"
EndProject
Project("{2150E333-8FDC-42A3-9474-1A3956D46DE8}") = "Application", "Application", "{66BE5304-D8A2-47D7-A7F6-CE9428D00B0F}"
EndProject
Project("{2150E333-8FDC-42A3-9474-1A3956D46DE8}") = "Data", "Data", "{235064AF-D7A1-42C9-97FE-8A9DA7659295}"
EndProject
Project("{9A19103F-16F7-4668-BE54-9A1E7A4F7556}") = "MicroRabbit.Banking.Api", "MicroRabbit.Banking.Api\MicroRabbit.Banking.Api.csproj", "{1807EBCF-84BC-46F5-ACEF-FD826AEFA06F}"
EndProject
Project("{9A19103F-16F7-4668-BE54-9A1E7A4F7556}") = "MicroRabbit.Banking.Application", "MicroRabbit.Banking.Application\MicroRabbit.Banking.Application.csproj", "{8CB78084-2125-4A4E-B609-757C9D094257}"
EndProject
Project("{9A19103F-16F7-4668-BE54-9A1E7A4F7556}") = "MicroRabbit.Banking.Data", "MicroRabbit.Banking.Data\MicroRabbit.Banking.Data.csproj", "{03A0ED71-E34A-46C4-84A9-6C64D724142A}"
EndProject
Project("{9A19103F-16F7-4668-BE54-9A1E7A4F7556}") = "MicroRabbit.Banking.Domain", "MicroRabbit.Banking.Domain\MicroRabbit.Banking.Domain.csproj", "{C21BDEA3-0050-452B-BF6B-234836905C7C}"
EndProject
Project("{2150E333-8FDC-42A3-9474-1A3956D46DE8}") = "Transfer", "Transfer", "{6682F609-B674-470B-8112-992CFEC80E71}"
EndProject
Project("{2150E333-8FDC-42A3-9474-1A3956D46DE8}") = "Api", "Api", "{C46F485F-6271-45B5-9D27-1BC60CFDE00B}"
EndProject
Project("{2150E333-8FDC-42A3-9474-1A3956D46DE8}") = "Application", "Application", "{94355830-6842-4868-A0E3-81C6A245C61F}"
EndProject
Project("{2150E333-8FDC-42A3-9474-1A3956D46DE8}") = "Data", "Data", "{0F5B317C-844C-4EA4-8474-663F9DC90669}"
EndProject
Project("{2150E333-8FDC-42A3-9474-1A3956D46DE8}") = "Domain", "Domain", "{E4EC6304-7984-48D7-9B22-554DD13ED7B0}"
EndProject
Project("{FAE04EC0-301F-11D3-BF4B-00C04F79EFBC}") = "MicroRabbit.Transfer.Api", "MicroRabbit.Transfer.Api\MicroRabbit.Transfer.Api.csproj", "{11062A83-8EDB-434C-9417-5F449AFD8B78}"
EndProject
Project("{FAE04EC0-301F-11D3-BF4B-00C04F79EFBC}") = "MicroRabbit.Transfer.Application", "MicroRabbit.Transfer.Application\MicroRabbit.Transfer.Application.csproj", "{D8B7CF6B-785A-4EA8-BAD0-A086EA9C8582}"
EndProject
Project("{FAE04EC0-301F-11D3-BF4B-00C04F79EFBC}") = "MicroRabbit.Transfer.Domain", "MicroRabbit.Transfer.Domain\MicroRabbit.Transfer.Domain.csproj", "{1B06E76B-92F6-4D32-8AB4-83D40EABA879}"
EndProject
Project("{FAE04EC0-301F-11D3-BF4B-00C04F79EFBC}") = "MicroRabbit.Transfer.Data", "MicroRabbit.Transfer.Data\MicroRabbit.Transfer.Data.csproj", "{C8184A0C-E080-4E5B-9DD4-67BB5F898891}"
EndProject
Global
	GlobalSection(SolutionConfigurationPlatforms) = preSolution
		Debug|Any CPU = Debug|Any CPU
		Release|Any CPU = Release|Any CPU
	EndGlobalSection
	GlobalSection(ProjectConfigurationPlatforms) = postSolution
		{334ECDAA-B556-4EEA-A26F-599C975BCBE2}.Debug|Any CPU.ActiveCfg = Debug|Any CPU
		{334ECDAA-B556-4EEA-A26F-599C975BCBE2}.Debug|Any CPU.Build.0 = Debug|Any CPU
		{334ECDAA-B556-4EEA-A26F-599C975BCBE2}.Release|Any CPU.ActiveCfg = Release|Any CPU
		{334ECDAA-B556-4EEA-A26F-599C975BCBE2}.Release|Any CPU.Build.0 = Release|Any CPU
		{5A02BC0C-BDB7-4D15-A962-A8D90F978DDB}.Debug|Any CPU.ActiveCfg = Debug|Any CPU
		{5A02BC0C-BDB7-4D15-A962-A8D90F978DDB}.Debug|Any CPU.Build.0 = Debug|Any CPU
		{5A02BC0C-BDB7-4D15-A962-A8D90F978DDB}.Release|Any CPU.ActiveCfg = Release|Any CPU
		{5A02BC0C-BDB7-4D15-A962-A8D90F978DDB}.Release|Any CPU.Build.0 = Release|Any CPU
		{3C24D84A-F117-49D7-B8C6-3A89D2D65121}.Debug|Any CPU.ActiveCfg = Debug|Any CPU
		{3C24D84A-F117-49D7-B8C6-3A89D2D65121}.Debug|Any CPU.Build.0 = Debug|Any CPU
		{3C24D84A-F117-49D7-B8C6-3A89D2D65121}.Release|Any CPU.ActiveCfg = Release|Any CPU
		{3C24D84A-F117-49D7-B8C6-3A89D2D65121}.Release|Any CPU.Build.0 = Release|Any CPU
		{1807EBCF-84BC-46F5-ACEF-FD826AEFA06F}.Debug|Any CPU.ActiveCfg = Debug|Any CPU
		{1807EBCF-84BC-46F5-ACEF-FD826AEFA06F}.Debug|Any CPU.Build.0 = Debug|Any CPU
		{1807EBCF-84BC-46F5-ACEF-FD826AEFA06F}.Release|Any CPU.ActiveCfg = Release|Any CPU
		{1807EBCF-84BC-46F5-ACEF-FD826AEFA06F}.Release|Any CPU.Build.0 = Release|Any CPU
		{8CB78084-2125-4A4E-B609-757C9D094257}.Debug|Any CPU.ActiveCfg = Debug|Any CPU
		{8CB78084-2125-4A4E-B609-757C9D094257}.Debug|Any CPU.Build.0 = Debug|Any CPU
		{8CB78084-2125-4A4E-B609-757C9D094257}.Release|Any CPU.ActiveCfg = Release|Any CPU
		{8CB78084-2125-4A4E-B609-757C9D094257}.Release|Any CPU.Build.0 = Release|Any CPU
		{03A0ED71-E34A-46C4-84A9-6C64D724142A}.Debug|Any CPU.ActiveCfg = Debug|Any CPU
		{03A0ED71-E34A-46C4-84A9-6C64D724142A}.Debug|Any CPU.Build.0 = Debug|Any CPU
		{03A0ED71-E34A-46C4-84A9-6C64D724142A}.Release|Any CPU.ActiveCfg = Release|Any CPU
		{03A0ED71-E34A-46C4-84A9-6C64D724142A}.Release|Any CPU.Build.0 = Release|Any CPU
		{C21BDEA3-0050-452B-BF6B-234836905C7C}.Debug|Any CPU.ActiveCfg = Debug|Any CPU
		{C21BDEA3-0050-452B-BF6B-234836905C7C}.Debug|Any CPU.Build.0 = Debug|Any CPU
		{C21BDEA3-0050-452B-BF6B-234836905C7C}.Release|Any CPU.ActiveCfg = Release|Any CPU
		{C21BDEA3-0050-452B-BF6B-234836905C7C}.Release|Any CPU.Build.0 = Release|Any CPU
		{11062A83-8EDB-434C-9417-5F449AFD8B78}.Debug|Any CPU.ActiveCfg = Debug|Any CPU
		{11062A83-8EDB-434C-9417-5F449AFD8B78}.Debug|Any CPU.Build.0 = Debug|Any CPU
		{11062A83-8EDB-434C-9417-5F449AFD8B78}.Release|Any CPU.ActiveCfg = Release|Any CPU
		{11062A83-8EDB-434C-9417-5F449AFD8B78}.Release|Any CPU.Build.0 = Release|Any CPU
		{D8B7CF6B-785A-4EA8-BAD0-A086EA9C8582}.Debug|Any CPU.ActiveCfg = Debug|Any CPU
		{D8B7CF6B-785A-4EA8-BAD0-A086EA9C8582}.Debug|Any CPU.Build.0 = Debug|Any CPU
		{D8B7CF6B-785A-4EA8-BAD0-A086EA9C8582}.Release|Any CPU.ActiveCfg = Release|Any CPU
		{D8B7CF6B-785A-4EA8-BAD0-A086EA9C8582}.Release|Any CPU.Build.0 = Release|Any CPU
		{1B06E76B-92F6-4D32-8AB4-83D40EABA879}.Debug|Any CPU.ActiveCfg = Debug|Any CPU
		{1B06E76B-92F6-4D32-8AB4-83D40EABA879}.Debug|Any CPU.Build.0 = Debug|Any CPU
		{1B06E76B-92F6-4D32-8AB4-83D40EABA879}.Release|Any CPU.ActiveCfg = Release|Any CPU
		{1B06E76B-92F6-4D32-8AB4-83D40EABA879}.Release|Any CPU.Build.0 = Release|Any CPU
		{C8184A0C-E080-4E5B-9DD4-67BB5F898891}.Debug|Any CPU.ActiveCfg = Debug|Any CPU
		{C8184A0C-E080-4E5B-9DD4-67BB5F898891}.Debug|Any CPU.Build.0 = Debug|Any CPU
		{C8184A0C-E080-4E5B-9DD4-67BB5F898891}.Release|Any CPU.ActiveCfg = Release|Any CPU
		{C8184A0C-E080-4E5B-9DD4-67BB5F898891}.Release|Any CPU.Build.0 = Release|Any CPU
	EndGlobalSection
	GlobalSection(SolutionProperties) = preSolution
		HideSolutionNode = FALSE
	EndGlobalSection
	GlobalSection(NestedProjects) = preSolution
		{334ECDAA-B556-4EEA-A26F-599C975BCBE2} = {86EC5C49-5278-4BE6-91A9-CAFA22CE8556}
		{5A02BC0C-BDB7-4D15-A962-A8D90F978DDB} = {89929916-F869-4DA0-9507-1B7373CB151E}
		{3C24D84A-F117-49D7-B8C6-3A89D2D65121} = {562C7FE5-23D6-4576-B68E-126BCA9B7702}
		{1C6794C8-CC1C-4D08-A779-24FC81215E2C} = {B7A7F895-B75D-4248-A7DF-786D9198B73E}
		{E2616404-D7CE-4C00-A8C8-7B11646FFEF8} = {1C6794C8-CC1C-4D08-A779-24FC81215E2C}
		{6A41CCCD-AA44-4562-B944-76CA98D0F6D6} = {1C6794C8-CC1C-4D08-A779-24FC81215E2C}
		{66BE5304-D8A2-47D7-A7F6-CE9428D00B0F} = {1C6794C8-CC1C-4D08-A779-24FC81215E2C}
		{235064AF-D7A1-42C9-97FE-8A9DA7659295} = {1C6794C8-CC1C-4D08-A779-24FC81215E2C}
		{1807EBCF-84BC-46F5-ACEF-FD826AEFA06F} = {E2616404-D7CE-4C00-A8C8-7B11646FFEF8}
		{8CB78084-2125-4A4E-B609-757C9D094257} = {66BE5304-D8A2-47D7-A7F6-CE9428D00B0F}
		{03A0ED71-E34A-46C4-84A9-6C64D724142A} = {235064AF-D7A1-42C9-97FE-8A9DA7659295}
		{C21BDEA3-0050-452B-BF6B-234836905C7C} = {6A41CCCD-AA44-4562-B944-76CA98D0F6D6}
		{6682F609-B674-470B-8112-992CFEC80E71} = {B7A7F895-B75D-4248-A7DF-786D9198B73E}
		{C46F485F-6271-45B5-9D27-1BC60CFDE00B} = {6682F609-B674-470B-8112-992CFEC80E71}
		{94355830-6842-4868-A0E3-81C6A245C61F} = {6682F609-B674-470B-8112-992CFEC80E71}
		{0F5B317C-844C-4EA4-8474-663F9DC90669} = {6682F609-B674-470B-8112-992CFEC80E71}
		{E4EC6304-7984-48D7-9B22-554DD13ED7B0} = {6682F609-B674-470B-8112-992CFEC80E71}
		{11062A83-8EDB-434C-9417-5F449AFD8B78} = {C46F485F-6271-45B5-9D27-1BC60CFDE00B}
		{D8B7CF6B-785A-4EA8-BAD0-A086EA9C8582} = {94355830-6842-4868-A0E3-81C6A245C61F}
		{1B06E76B-92F6-4D32-8AB4-83D40EABA879} = {0F5B317C-844C-4EA4-8474-663F9DC90669}
		{C8184A0C-E080-4E5B-9DD4-67BB5F898891} = {E4EC6304-7984-48D7-9B22-554DD13ED7B0}
	EndGlobalSection
	GlobalSection(ExtensibilityGlobals) = postSolution
		SolutionGuid = {F74757A9-5CFB-48CC-9751-F3698646B2E2}
	EndGlobalSection
EndGlobal
