
Microsoft Visual Studio Solution File, Format Version 12.00
# Visual Studio Version 17
VisualStudioVersion = 17.2.32602.215
MinimumVisualStudioVersion = 10.0.40219.1
Project("{2150E333-8FDC-42A3-9474-1A3956D46DE8}") = "Domain", "Domain", "{86EC5C49-5278-4BE6-91A9-CAFA22CE8556}"
EndProject
Project("{2150E333-8FDC-42A3-9474-1A3956D46DE8}") = "Infra.Bus", "Infra.Bus", "{89929916-F869-4DA0-9507-1B7373CB151E}"
EndProject
Project("{2150E333-8FDC-42A3-9474-1A3956D46DE8}") = "Infra.IoC", "Infra.IoC", "{562C7FE5-23D6-4576-B68E-126BCA9B7702}"
EndProject
Project("{2150E333-8FDC-42A3-9474-1A3956D46DE8}") = "Microservices", "Microservices", "{B7A7F895-B75D-4248-A7DF-786D9198B73E}"
EndProject
Project("{2150E333-8FDC-42A3-9474-1A3956D46DE8}") = "Presentation", "Presentation", "{B2D75470-C486-4117-8C6B-627ABA453FFB}"
EndProject
Project("{FAE04EC0-301F-11D3-BF4B-00C04F79EFBC}") = "MicroRabbit.Domain.Core", "MicroRabbit.Domain.Core\MicroRabbit.Domain.Core.csproj", "{334ECDAA-B556-4EEA-A26F-599C975BCBE2}"
EndProject
Global
	GlobalSection(SolutionConfigurationPlatforms) = preSolution
		Debug|Any CPU = Debug|Any CPU
		Release|Any CPU = Release|Any CPU
	EndGlobalSection
	GlobalSection(ProjectConfigurationPlatforms) = postSolution
		{334ECDAA-B556-4EEA-A26F-599C975BCBE2}.Debug|Any CPU.ActiveCfg = Debug|Any CPU
		{334ECDAA-B556-4EEA-A26F-599C975BCBE2}.Debug|Any CPU.Build.0 = Debug|Any CPU
		{334ECDAA-B556-4EEA-A26F-599C975BCBE2}.Release|Any CPU.ActiveCfg = Release|Any CPU
		{334ECDAA-B556-4EEA-A26F-599C975BCBE2}.Release|Any CPU.Build.0 = Release|Any CPU
	EndGlobalSection
	GlobalSection(SolutionProperties) = preSolution
		HideSolutionNode = FALSE
	EndGlobalSection
	GlobalSection(NestedProjects) = preSolution
		{334ECDAA-B556-4EEA-A26F-599C975BCBE2} = {86EC5C49-5278-4BE6-91A9-CAFA22CE8556}
	EndGlobalSection
	GlobalSection(ExtensibilityGlobals) = postSolution
		SolutionGuid = {F74757A9-5CFB-48CC-9751-F3698646B2E2}
	EndGlobalSection
EndGlobal
